// !$*UTF8*$!
{
	archiveVersion = 1;
	classes = {
	};
	objectVersion = 52;
	objects = {

/* Begin PBXBuildFile section */
		01892E3B25E378F700FC8736 /* On_YouApp.swift in Sources */ = {isa = PBXBuildFile; fileRef = 01892E3A25E378F700FC8736 /* On_YouApp.swift */; };
		01892E3D25E378F700FC8736 /* ContentView.swift in Sources */ = {isa = PBXBuildFile; fileRef = 01892E3C25E378F700FC8736 /* ContentView.swift */; };
		01892E3F25E378FE00FC8736 /* Assets.xcassets in Resources */ = {isa = PBXBuildFile; fileRef = 01892E3E25E378FE00FC8736 /* Assets.xcassets */; };
		01892E4225E378FE00FC8736 /* Preview Assets.xcassets in Resources */ = {isa = PBXBuildFile; fileRef = 01892E4125E378FE00FC8736 /* Preview Assets.xcassets */; };
		01892E4D25E378FE00FC8736 /* On_YouTests.swift in Sources */ = {isa = PBXBuildFile; fileRef = 01892E4C25E378FE00FC8736 /* On_YouTests.swift */; };
		01892E5825E378FE00FC8736 /* On_YouUITests.swift in Sources */ = {isa = PBXBuildFile; fileRef = 01892E5725E378FE00FC8736 /* On_YouUITests.swift */; };
		01892E6925E39FBA00FC8736 /* MainView.swift in Sources */ = {isa = PBXBuildFile; fileRef = 01892E6825E39FBA00FC8736 /* MainView.swift */; };
		01892E6A25E39FBA00FC8736 /* MainView.swift in Sources */ = {isa = PBXBuildFile; fileRef = 01892E6825E39FBA00FC8736 /* MainView.swift */; };
		01892E6B25E39FBA00FC8736 /* MainView.swift in Sources */ = {isa = PBXBuildFile; fileRef = 01892E6825E39FBA00FC8736 /* MainView.swift */; };
		01892E7025E4830600FC8736 /* GameView.swift in Sources */ = {isa = PBXBuildFile; fileRef = 01892E6F25E4830600FC8736 /* GameView.swift */; };
		01892E7125E4830700FC8736 /* GameView.swift in Sources */ = {isa = PBXBuildFile; fileRef = 01892E6F25E4830600FC8736 /* GameView.swift */; };
		01892E7225E4830700FC8736 /* GameView.swift in Sources */ = {isa = PBXBuildFile; fileRef = 01892E6F25E4830600FC8736 /* GameView.swift */; };
		01892E7725E4BFB600FC8736 /* ConnectionSocket.swift in Sources */ = {isa = PBXBuildFile; fileRef = 01892E7625E4BFB500FC8736 /* ConnectionSocket.swift */; };
		01892E7825E4BFB600FC8736 /* ConnectionSocket.swift in Sources */ = {isa = PBXBuildFile; fileRef = 01892E7625E4BFB500FC8736 /* ConnectionSocket.swift */; };
		01892E7925E4BFB600FC8736 /* ConnectionSocket.swift in Sources */ = {isa = PBXBuildFile; fileRef = 01892E7625E4BFB500FC8736 /* ConnectionSocket.swift */; };
		01892E7E25E4E75D00FC8736 /* ButtonView.swift in Sources */ = {isa = PBXBuildFile; fileRef = 01892E7D25E4E75D00FC8736 /* ButtonView.swift */; };
		01892E7F25E4E75D00FC8736 /* ButtonView.swift in Sources */ = {isa = PBXBuildFile; fileRef = 01892E7D25E4E75D00FC8736 /* ButtonView.swift */; };
		01892E8025E4E75D00FC8736 /* ButtonView.swift in Sources */ = {isa = PBXBuildFile; fileRef = 01892E7D25E4E75D00FC8736 /* ButtonView.swift */; };
		01892E8525E5D7B900FC8736 /* ColorView.swift in Sources */ = {isa = PBXBuildFile; fileRef = 01892E8425E5D7B900FC8736 /* ColorView.swift */; };
		01892E8625E5D7BA00FC8736 /* ColorView.swift in Sources */ = {isa = PBXBuildFile; fileRef = 01892E8425E5D7B900FC8736 /* ColorView.swift */; };
		01892E8725E5D7BA00FC8736 /* ColorView.swift in Sources */ = {isa = PBXBuildFile; fileRef = 01892E8425E5D7B900FC8736 /* ColorView.swift */; };
		01892E9025E6301000FC8736 /* Neumorphic in Frameworks */ = {isa = PBXBuildFile; productRef = 01892E8F25E6301000FC8736 /* Neumorphic */; };
		01892E9525E75B0100FC8736 /* GameOver.swift in Sources */ = {isa = PBXBuildFile; fileRef = 01892E9425E75B0000FC8736 /* GameOver.swift */; };
		01892E9625E75B0100FC8736 /* GameOver.swift in Sources */ = {isa = PBXBuildFile; fileRef = 01892E9425E75B0000FC8736 /* GameOver.swift */; };
		01892E9725E75B0100FC8736 /* GameOver.swift in Sources */ = {isa = PBXBuildFile; fileRef = 01892E9425E75B0000FC8736 /* GameOver.swift */; };
		01892E9C25E7789500FC8736 /* Models.swift in Sources */ = {isa = PBXBuildFile; fileRef = 01892E9B25E7789400FC8736 /* Models.swift */; };
		01892E9D25E7789500FC8736 /* Models.swift in Sources */ = {isa = PBXBuildFile; fileRef = 01892E9B25E7789400FC8736 /* Models.swift */; };
		01892E9E25E7789500FC8736 /* Models.swift in Sources */ = {isa = PBXBuildFile; fileRef = 01892E9B25E7789400FC8736 /* Models.swift */; };
/* End PBXBuildFile section */

/* Begin PBXContainerItemProxy section */
		01892E4925E378FE00FC8736 /* PBXContainerItemProxy */ = {
			isa = PBXContainerItemProxy;
			containerPortal = 01892E2F25E378F700FC8736 /* Project object */;
			proxyType = 1;
			remoteGlobalIDString = 01892E3625E378F700FC8736;
			remoteInfo = "On You";
		};
		01892E5425E378FE00FC8736 /* PBXContainerItemProxy */ = {
			isa = PBXContainerItemProxy;
			containerPortal = 01892E2F25E378F700FC8736 /* Project object */;
			proxyType = 1;
			remoteGlobalIDString = 01892E3625E378F700FC8736;
			remoteInfo = "On You";
		};
/* End PBXContainerItemProxy section */

/* Begin PBXFileReference section */
		01892E3725E378F700FC8736 /* On You.app */ = {isa = PBXFileReference; explicitFileType = wrapper.application; includeInIndex = 0; path = "On You.app"; sourceTree = BUILT_PRODUCTS_DIR; };
		01892E3A25E378F700FC8736 /* On_YouApp.swift */ = {isa = PBXFileReference; lastKnownFileType = sourcecode.swift; path = On_YouApp.swift; sourceTree = "<group>"; };
		01892E3C25E378F700FC8736 /* ContentView.swift */ = {isa = PBXFileReference; lastKnownFileType = sourcecode.swift; path = ContentView.swift; sourceTree = "<group>"; };
		01892E3E25E378FE00FC8736 /* Assets.xcassets */ = {isa = PBXFileReference; lastKnownFileType = folder.assetcatalog; path = Assets.xcassets; sourceTree = "<group>"; };
		01892E4125E378FE00FC8736 /* Preview Assets.xcassets */ = {isa = PBXFileReference; lastKnownFileType = folder.assetcatalog; path = "Preview Assets.xcassets"; sourceTree = "<group>"; };
		01892E4325E378FE00FC8736 /* Info.plist */ = {isa = PBXFileReference; lastKnownFileType = text.plist.xml; path = Info.plist; sourceTree = "<group>"; };
		01892E4825E378FE00FC8736 /* On YouTests.xctest */ = {isa = PBXFileReference; explicitFileType = wrapper.cfbundle; includeInIndex = 0; path = "On YouTests.xctest"; sourceTree = BUILT_PRODUCTS_DIR; };
		01892E4C25E378FE00FC8736 /* On_YouTests.swift */ = {isa = PBXFileReference; lastKnownFileType = sourcecode.swift; path = On_YouTests.swift; sourceTree = "<group>"; };
		01892E4E25E378FE00FC8736 /* Info.plist */ = {isa = PBXFileReference; lastKnownFileType = text.plist.xml; path = Info.plist; sourceTree = "<group>"; };
		01892E5325E378FE00FC8736 /* On YouUITests.xctest */ = {isa = PBXFileReference; explicitFileType = wrapper.cfbundle; includeInIndex = 0; path = "On YouUITests.xctest"; sourceTree = BUILT_PRODUCTS_DIR; };
		01892E5725E378FE00FC8736 /* On_YouUITests.swift */ = {isa = PBXFileReference; lastKnownFileType = sourcecode.swift; path = On_YouUITests.swift; sourceTree = "<group>"; };
		01892E5925E378FE00FC8736 /* Info.plist */ = {isa = PBXFileReference; lastKnownFileType = text.plist.xml; path = Info.plist; sourceTree = "<group>"; };
		01892E6825E39FBA00FC8736 /* MainView.swift */ = {isa = PBXFileReference; lastKnownFileType = sourcecode.swift; path = MainView.swift; sourceTree = "<group>"; };
		01892E6F25E4830600FC8736 /* GameView.swift */ = {isa = PBXFileReference; lastKnownFileType = sourcecode.swift; path = GameView.swift; sourceTree = "<group>"; };
		01892E7625E4BFB500FC8736 /* ConnectionSocket.swift */ = {isa = PBXFileReference; lastKnownFileType = sourcecode.swift; path = ConnectionSocket.swift; sourceTree = "<group>"; };
		01892E7D25E4E75D00FC8736 /* ButtonView.swift */ = {isa = PBXFileReference; lastKnownFileType = sourcecode.swift; path = ButtonView.swift; sourceTree = "<group>"; };
		01892E8425E5D7B900FC8736 /* ColorView.swift */ = {isa = PBXFileReference; lastKnownFileType = sourcecode.swift; path = ColorView.swift; sourceTree = "<group>"; };
		01892E9425E75B0000FC8736 /* GameOver.swift */ = {isa = PBXFileReference; lastKnownFileType = sourcecode.swift; path = GameOver.swift; sourceTree = "<group>"; };
		01892E9B25E7789400FC8736 /* Models.swift */ = {isa = PBXFileReference; lastKnownFileType = sourcecode.swift; path = Models.swift; sourceTree = "<group>"; };
/* End PBXFileReference section */

/* Begin PBXFrameworksBuildPhase section */
		01892E3425E378F700FC8736 /* Frameworks */ = {
			isa = PBXFrameworksBuildPhase;
			buildActionMask = 2147483647;
			files = (
				01892E9025E6301000FC8736 /* Neumorphic in Frameworks */,
			);
			runOnlyForDeploymentPostprocessing = 0;
		};
		01892E4525E378FE00FC8736 /* Frameworks */ = {
			isa = PBXFrameworksBuildPhase;
			buildActionMask = 2147483647;
			files = (
			);
			runOnlyForDeploymentPostprocessing = 0;
		};
		01892E5025E378FE00FC8736 /* Frameworks */ = {
			isa = PBXFrameworksBuildPhase;
			buildActionMask = 2147483647;
			files = (
			);
			runOnlyForDeploymentPostprocessing = 0;
		};
/* End PBXFrameworksBuildPhase section */

/* Begin PBXGroup section */
		01892E2E25E378F700FC8736 = {
			isa = PBXGroup;
			children = (
				01892E3925E378F700FC8736 /* On You */,
				01892E4B25E378FE00FC8736 /* On YouTests */,
				01892E5625E378FE00FC8736 /* On YouUITests */,
				01892E3825E378F700FC8736 /* Products */,
			);
			sourceTree = "<group>";
		};
		01892E3825E378F700FC8736 /* Products */ = {
			isa = PBXGroup;
			children = (
				01892E3725E378F700FC8736 /* On You.app */,
				01892E4825E378FE00FC8736 /* On YouTests.xctest */,
				01892E5325E378FE00FC8736 /* On YouUITests.xctest */,
			);
			name = Products;
			sourceTree = "<group>";
		};
		01892E3925E378F700FC8736 /* On You */ = {
			isa = PBXGroup;
			children = (
				01892E3A25E378F700FC8736 /* On_YouApp.swift */,
				01892E3C25E378F700FC8736 /* ContentView.swift */,
				01892E3E25E378FE00FC8736 /* Assets.xcassets */,
				01892E4325E378FE00FC8736 /* Info.plist */,
				01892E4025E378FE00FC8736 /* Preview Content */,
				01892E6825E39FBA00FC8736 /* MainView.swift */,
				01892E6F25E4830600FC8736 /* GameView.swift */,
				01892E7625E4BFB500FC8736 /* ConnectionSocket.swift */,
				01892E7D25E4E75D00FC8736 /* ButtonView.swift */,
				01892E8425E5D7B900FC8736 /* ColorView.swift */,
				01892E9425E75B0000FC8736 /* GameOver.swift */,
				01892E9B25E7789400FC8736 /* Models.swift */,
			);
			path = "On You";
			sourceTree = "<group>";
		};
		01892E4025E378FE00FC8736 /* Preview Content */ = {
			isa = PBXGroup;
			children = (
				01892E4125E378FE00FC8736 /* Preview Assets.xcassets */,
			);
			path = "Preview Content";
			sourceTree = "<group>";
		};
		01892E4B25E378FE00FC8736 /* On YouTests */ = {
			isa = PBXGroup;
			children = (
				01892E4C25E378FE00FC8736 /* On_YouTests.swift */,
				01892E4E25E378FE00FC8736 /* Info.plist */,
			);
			path = "On YouTests";
			sourceTree = "<group>";
		};
		01892E5625E378FE00FC8736 /* On YouUITests */ = {
			isa = PBXGroup;
			children = (
				01892E5725E378FE00FC8736 /* On_YouUITests.swift */,
				01892E5925E378FE00FC8736 /* Info.plist */,
			);
			path = "On YouUITests";
			sourceTree = "<group>";
		};
/* End PBXGroup section */

/* Begin PBXNativeTarget section */
		01892E3625E378F700FC8736 /* On You */ = {
			isa = PBXNativeTarget;
			buildConfigurationList = 01892E5C25E378FE00FC8736 /* Build configuration list for PBXNativeTarget "On You" */;
			buildPhases = (
				01892E3325E378F700FC8736 /* Sources */,
				01892E3425E378F700FC8736 /* Frameworks */,
				01892E3525E378F700FC8736 /* Resources */,
			);
			buildRules = (
			);
			dependencies = (
			);
			name = "On You";
			packageProductDependencies = (
				01892E8F25E6301000FC8736 /* Neumorphic */,
			);
			productName = "On You";
			productReference = 01892E3725E378F700FC8736 /* On You.app */;
			productType = "com.apple.product-type.application";
		};
		01892E4725E378FE00FC8736 /* On YouTests */ = {
			isa = PBXNativeTarget;
			buildConfigurationList = 01892E5F25E378FE00FC8736 /* Build configuration list for PBXNativeTarget "On YouTests" */;
			buildPhases = (
				01892E4425E378FE00FC8736 /* Sources */,
				01892E4525E378FE00FC8736 /* Frameworks */,
				01892E4625E378FE00FC8736 /* Resources */,
			);
			buildRules = (
			);
			dependencies = (
				01892E4A25E378FE00FC8736 /* PBXTargetDependency */,
			);
			name = "On YouTests";
			productName = "On YouTests";
			productReference = 01892E4825E378FE00FC8736 /* On YouTests.xctest */;
			productType = "com.apple.product-type.bundle.unit-test";
		};
		01892E5225E378FE00FC8736 /* On YouUITests */ = {
			isa = PBXNativeTarget;
			buildConfigurationList = 01892E6225E378FE00FC8736 /* Build configuration list for PBXNativeTarget "On YouUITests" */;
			buildPhases = (
				01892E4F25E378FE00FC8736 /* Sources */,
				01892E5025E378FE00FC8736 /* Frameworks */,
				01892E5125E378FE00FC8736 /* Resources */,
			);
			buildRules = (
			);
			dependencies = (
				01892E5525E378FE00FC8736 /* PBXTargetDependency */,
			);
			name = "On YouUITests";
			productName = "On YouUITests";
			productReference = 01892E5325E378FE00FC8736 /* On YouUITests.xctest */;
			productType = "com.apple.product-type.bundle.ui-testing";
		};
/* End PBXNativeTarget section */

/* Begin PBXProject section */
		01892E2F25E378F700FC8736 /* Project object */ = {
			isa = PBXProject;
			attributes = {
				LastSwiftUpdateCheck = 1240;
				LastUpgradeCheck = 1240;
				TargetAttributes = {
					01892E3625E378F700FC8736 = {
						CreatedOnToolsVersion = 12.4;
					};
					01892E4725E378FE00FC8736 = {
						CreatedOnToolsVersion = 12.4;
						TestTargetID = 01892E3625E378F700FC8736;
					};
					01892E5225E378FE00FC8736 = {
						CreatedOnToolsVersion = 12.4;
						TestTargetID = 01892E3625E378F700FC8736;
					};
				};
			};
			buildConfigurationList = 01892E3225E378F700FC8736 /* Build configuration list for PBXProject "On You" */;
			compatibilityVersion = "Xcode 9.3";
			developmentRegion = en;
			hasScannedForEncodings = 0;
			knownRegions = (
				en,
				Base,
			);
			mainGroup = 01892E2E25E378F700FC8736;
			packageReferences = (
				01892E8E25E6300F00FC8736 /* XCRemoteSwiftPackageReference "neumorphic" */,
			);
			productRefGroup = 01892E3825E378F700FC8736 /* Products */;
			projectDirPath = "";
			projectRoot = "";
			targets = (
				01892E3625E378F700FC8736 /* On You */,
				01892E4725E378FE00FC8736 /* On YouTests */,
				01892E5225E378FE00FC8736 /* On YouUITests */,
			);
		};
/* End PBXProject section */

/* Begin PBXResourcesBuildPhase section */
		01892E3525E378F700FC8736 /* Resources */ = {
			isa = PBXResourcesBuildPhase;
			buildActionMask = 2147483647;
			files = (
				01892E4225E378FE00FC8736 /* Preview Assets.xcassets in Resources */,
				01892E3F25E378FE00FC8736 /* Assets.xcassets in Resources */,
			);
			runOnlyForDeploymentPostprocessing = 0;
		};
		01892E4625E378FE00FC8736 /* Resources */ = {
			isa = PBXResourcesBuildPhase;
			buildActionMask = 2147483647;
			files = (
			);
			runOnlyForDeploymentPostprocessing = 0;
		};
		01892E5125E378FE00FC8736 /* Resources */ = {
			isa = PBXResourcesBuildPhase;
			buildActionMask = 2147483647;
			files = (
			);
			runOnlyForDeploymentPostprocessing = 0;
		};
/* End PBXResourcesBuildPhase section */

/* Begin PBXSourcesBuildPhase section */
		01892E3325E378F700FC8736 /* Sources */ = {
			isa = PBXSourcesBuildPhase;
			buildActionMask = 2147483647;
			files = (
				01892E3D25E378F700FC8736 /* ContentView.swift in Sources */,
				01892E6925E39FBA00FC8736 /* MainView.swift in Sources */,
				01892E8525E5D7B900FC8736 /* ColorView.swift in Sources */,
				01892E7E25E4E75D00FC8736 /* ButtonView.swift in Sources */,
				01892E7025E4830600FC8736 /* GameView.swift in Sources */,
				01892E3B25E378F700FC8736 /* On_YouApp.swift in Sources */,
				01892E9C25E7789500FC8736 /* Models.swift in Sources */,
				01892E7725E4BFB600FC8736 /* ConnectionSocket.swift in Sources */,
				01892E9525E75B0100FC8736 /* GameOver.swift in Sources */,
			);
			runOnlyForDeploymentPostprocessing = 0;
		};
		01892E4425E378FE00FC8736 /* Sources */ = {
			isa = PBXSourcesBuildPhase;
			buildActionMask = 2147483647;
			files = (
				01892E8625E5D7BA00FC8736 /* ColorView.swift in Sources */,
				01892E4D25E378FE00FC8736 /* On_YouTests.swift in Sources */,
				01892E9625E75B0100FC8736 /* GameOver.swift in Sources */,
				01892E9D25E7789500FC8736 /* Models.swift in Sources */,
				01892E7125E4830700FC8736 /* GameView.swift in Sources */,
				01892E7F25E4E75D00FC8736 /* ButtonView.swift in Sources */,
				01892E7825E4BFB600FC8736 /* ConnectionSocket.swift in Sources */,
				01892E6A25E39FBA00FC8736 /* MainView.swift in Sources */,
			);
			runOnlyForDeploymentPostprocessing = 0;
		};
		01892E4F25E378FE00FC8736 /* Sources */ = {
			isa = PBXSourcesBuildPhase;
			buildActionMask = 2147483647;
			files = (
				01892E8725E5D7BA00FC8736 /* ColorView.swift in Sources */,
				01892E5825E378FE00FC8736 /* On_YouUITests.swift in Sources */,
				01892E9725E75B0100FC8736 /* GameOver.swift in Sources */,
				01892E9E25E7789500FC8736 /* Models.swift in Sources */,
				01892E7225E4830700FC8736 /* GameView.swift in Sources */,
				01892E8025E4E75D00FC8736 /* ButtonView.swift in Sources */,
				01892E7925E4BFB600FC8736 /* ConnectionSocket.swift in Sources */,
				01892E6B25E39FBA00FC8736 /* MainView.swift in Sources */,
			);
			runOnlyForDeploymentPostprocessing = 0;
		};
/* End PBXSourcesBuildPhase section */

/* Begin PBXTargetDependency section */
		01892E4A25E378FE00FC8736 /* PBXTargetDependency */ = {
			isa = PBXTargetDependency;
			target = 01892E3625E378F700FC8736 /* On You */;
			targetProxy = 01892E4925E378FE00FC8736 /* PBXContainerItemProxy */;
		};
		01892E5525E378FE00FC8736 /* PBXTargetDependency */ = {
			isa = PBXTargetDependency;
			target = 01892E3625E378F700FC8736 /* On You */;
			targetProxy = 01892E5425E378FE00FC8736 /* PBXContainerItemProxy */;
		};
/* End PBXTargetDependency section */

/* Begin XCBuildConfiguration section */
		01892E5A25E378FE00FC8736 /* Debug */ = {
			isa = XCBuildConfiguration;
			buildSettings = {
				ALWAYS_SEARCH_USER_PATHS = NO;
				CLANG_ANALYZER_NONNULL = YES;
				CLANG_ANALYZER_NUMBER_OBJECT_CONVERSION = YES_AGGRESSIVE;
				CLANG_CXX_LANGUAGE_STANDARD = "gnu++14";
				CLANG_CXX_LIBRARY = "libc++";
				CLANG_ENABLE_MODULES = YES;
				CLANG_ENABLE_OBJC_ARC = YES;
				CLANG_ENABLE_OBJC_WEAK = YES;
				CLANG_WARN_BLOCK_CAPTURE_AUTORELEASING = YES;
				CLANG_WARN_BOOL_CONVERSION = YES;
				CLANG_WARN_COMMA = YES;
				CLANG_WARN_CONSTANT_CONVERSION = YES;
				CLANG_WARN_DEPRECATED_OBJC_IMPLEMENTATIONS = YES;
				CLANG_WARN_DIRECT_OBJC_ISA_USAGE = YES_ERROR;
				CLANG_WARN_DOCUMENTATION_COMMENTS = YES;
				CLANG_WARN_EMPTY_BODY = YES;
				CLANG_WARN_ENUM_CONVERSION = YES;
				CLANG_WARN_INFINITE_RECURSION = YES;
				CLANG_WARN_INT_CONVERSION = YES;
				CLANG_WARN_NON_LITERAL_NULL_CONVERSION = YES;
				CLANG_WARN_OBJC_IMPLICIT_RETAIN_SELF = YES;
				CLANG_WARN_OBJC_LITERAL_CONVERSION = YES;
				CLANG_WARN_OBJC_ROOT_CLASS = YES_ERROR;
				CLANG_WARN_QUOTED_INCLUDE_IN_FRAMEWORK_HEADER = YES;
				CLANG_WARN_RANGE_LOOP_ANALYSIS = YES;
				CLANG_WARN_STRICT_PROTOTYPES = YES;
				CLANG_WARN_SUSPICIOUS_MOVE = YES;
				CLANG_WARN_UNGUARDED_AVAILABILITY = YES_AGGRESSIVE;
				CLANG_WARN_UNREACHABLE_CODE = YES;
				CLANG_WARN__DUPLICATE_METHOD_MATCH = YES;
				COPY_PHASE_STRIP = NO;
				DEBUG_INFORMATION_FORMAT = dwarf;
				ENABLE_STRICT_OBJC_MSGSEND = YES;
				ENABLE_TESTABILITY = YES;
				GCC_C_LANGUAGE_STANDARD = gnu11;
				GCC_DYNAMIC_NO_PIC = NO;
				GCC_NO_COMMON_BLOCKS = YES;
				GCC_OPTIMIZATION_LEVEL = 0;
				GCC_PREPROCESSOR_DEFINITIONS = (
					"DEBUG=1",
					"$(inherited)",
				);
				GCC_WARN_64_TO_32_BIT_CONVERSION = YES;
				GCC_WARN_ABOUT_RETURN_TYPE = YES_ERROR;
				GCC_WARN_UNDECLARED_SELECTOR = YES;
				GCC_WARN_UNINITIALIZED_AUTOS = YES_AGGRESSIVE;
				GCC_WARN_UNUSED_FUNCTION = YES;
				GCC_WARN_UNUSED_VARIABLE = YES;
				IPHONEOS_DEPLOYMENT_TARGET = 14.4;
				MTL_ENABLE_DEBUG_INFO = INCLUDE_SOURCE;
				MTL_FAST_MATH = YES;
				ONLY_ACTIVE_ARCH = YES;
				SDKROOT = iphoneos;
				SWIFT_ACTIVE_COMPILATION_CONDITIONS = DEBUG;
				SWIFT_OPTIMIZATION_LEVEL = "-Onone";
			};
			name = Debug;
		};
		01892E5B25E378FE00FC8736 /* Release */ = {
			isa = XCBuildConfiguration;
			buildSettings = {
				ALWAYS_SEARCH_USER_PATHS = NO;
				CLANG_ANALYZER_NONNULL = YES;
				CLANG_ANALYZER_NUMBER_OBJECT_CONVERSION = YES_AGGRESSIVE;
				CLANG_CXX_LANGUAGE_STANDARD = "gnu++14";
				CLANG_CXX_LIBRARY = "libc++";
				CLANG_ENABLE_MODULES = YES;
				CLANG_ENABLE_OBJC_ARC = YES;
				CLANG_ENABLE_OBJC_WEAK = YES;
				CLANG_WARN_BLOCK_CAPTURE_AUTORELEASING = YES;
				CLANG_WARN_BOOL_CONVERSION = YES;
				CLANG_WARN_COMMA = YES;
				CLANG_WARN_CONSTANT_CONVERSION = YES;
				CLANG_WARN_DEPRECATED_OBJC_IMPLEMENTATIONS = YES;
				CLANG_WARN_DIRECT_OBJC_ISA_USAGE = YES_ERROR;
				CLANG_WARN_DOCUMENTATION_COMMENTS = YES;
				CLANG_WARN_EMPTY_BODY = YES;
				CLANG_WARN_ENUM_CONVERSION = YES;
				CLANG_WARN_INFINITE_RECURSION = YES;
				CLANG_WARN_INT_CONVERSION = YES;
				CLANG_WARN_NON_LITERAL_NULL_CONVERSION = YES;
				CLANG_WARN_OBJC_IMPLICIT_RETAIN_SELF = YES;
				CLANG_WARN_OBJC_LITERAL_CONVERSION = YES;
				CLANG_WARN_OBJC_ROOT_CLASS = YES_ERROR;
				CLANG_WARN_QUOTED_INCLUDE_IN_FRAMEWORK_HEADER = YES;
				CLANG_WARN_RANGE_LOOP_ANALYSIS = YES;
				CLANG_WARN_STRICT_PROTOTYPES = YES;
				CLANG_WARN_SUSPICIOUS_MOVE = YES;
				CLANG_WARN_UNGUARDED_AVAILABILITY = YES_AGGRESSIVE;
				CLANG_WARN_UNREACHABLE_CODE = YES;
				CLANG_WARN__DUPLICATE_METHOD_MATCH = YES;
				COPY_PHASE_STRIP = NO;
				DEBUG_INFORMATION_FORMAT = "dwarf-with-dsym";
				ENABLE_NS_ASSERTIONS = NO;
				ENABLE_STRICT_OBJC_MSGSEND = YES;
				GCC_C_LANGUAGE_STANDARD = gnu11;
				GCC_NO_COMMON_BLOCKS = YES;
				GCC_WARN_64_TO_32_BIT_CONVERSION = YES;
				GCC_WARN_ABOUT_RETURN_TYPE = YES_ERROR;
				GCC_WARN_UNDECLARED_SELECTOR = YES;
				GCC_WARN_UNINITIALIZED_AUTOS = YES_AGGRESSIVE;
				GCC_WARN_UNUSED_FUNCTION = YES;
				GCC_WARN_UNUSED_VARIABLE = YES;
				IPHONEOS_DEPLOYMENT_TARGET = 14.4;
				MTL_ENABLE_DEBUG_INFO = NO;
				MTL_FAST_MATH = YES;
				SDKROOT = iphoneos;
				SWIFT_COMPILATION_MODE = wholemodule;
				SWIFT_OPTIMIZATION_LEVEL = "-O";
				VALIDATE_PRODUCT = YES;
			};
			name = Release;
		};
		01892E5D25E378FE00FC8736 /* Debug */ = {
			isa = XCBuildConfiguration;
			buildSettings = {
				ASSETCATALOG_COMPILER_APPICON_NAME = AppIcon;
				ASSETCATALOG_COMPILER_GLOBAL_ACCENT_COLOR_NAME = AccentColor;
				CODE_SIGN_STYLE = Automatic;
				DEVELOPMENT_ASSET_PATHS = "\"On You/Preview Content\"";
				ENABLE_PREVIEWS = YES;
				INFOPLIST_FILE = "On You/Info.plist";
				IPHONEOS_DEPLOYMENT_TARGET = 14.0;
				LD_RUNPATH_SEARCH_PATHS = (
					"$(inherited)",
					"@executable_path/Frameworks",
				);
				PRODUCT_BUNDLE_IDENTIFIER = "com.nicktdev.On-You";
				PRODUCT_NAME = "$(TARGET_NAME)";
				SWIFT_VERSION = 5.0;
				TARGETED_DEVICE_FAMILY = "1,2";
			};
			name = Debug;
		};
		01892E5E25E378FE00FC8736 /* Release */ = {
			isa = XCBuildConfiguration;
			buildSettings = {
				ASSETCATALOG_COMPILER_APPICON_NAME = AppIcon;
				ASSETCATALOG_COMPILER_GLOBAL_ACCENT_COLOR_NAME = AccentColor;
				CODE_SIGN_STYLE = Automatic;
				DEVELOPMENT_ASSET_PATHS = "\"On You/Preview Content\"";
				ENABLE_PREVIEWS = YES;
				INFOPLIST_FILE = "On You/Info.plist";
				IPHONEOS_DEPLOYMENT_TARGET = 14.0;
				LD_RUNPATH_SEARCH_PATHS = (
					"$(inherited)",
					"@executable_path/Frameworks",
				);
				PRODUCT_BUNDLE_IDENTIFIER = "com.nicktdev.On-You";
				PRODUCT_NAME = "$(TARGET_NAME)";
				SWIFT_VERSION = 5.0;
				TARGETED_DEVICE_FAMILY = "1,2";
			};
			name = Release;
		};
		01892E6025E378FE00FC8736 /* Debug */ = {
			isa = XCBuildConfiguration;
			buildSettings = {
				ALWAYS_EMBED_SWIFT_STANDARD_LIBRARIES = YES;
				BUNDLE_LOADER = "$(TEST_HOST)";
				CODE_SIGN_STYLE = Automatic;
				INFOPLIST_FILE = "On YouTests/Info.plist";
				IPHONEOS_DEPLOYMENT_TARGET = 14.0;
				LD_RUNPATH_SEARCH_PATHS = (
					"$(inherited)",
					"@executable_path/Frameworks",
					"@loader_path/Frameworks",
				);
				PRODUCT_BUNDLE_IDENTIFIER = "com.nicktdev.On-YouTests";
				PRODUCT_NAME = "$(TARGET_NAME)";
				SWIFT_VERSION = 5.0;
				TARGETED_DEVICE_FAMILY = "1,2";
				TEST_HOST = "$(BUILT_PRODUCTS_DIR)/On You.app/On You";
			};
			name = Debug;
		};
		01892E6125E378FE00FC8736 /* Release */ = {
			isa = XCBuildConfiguration;
			buildSettings = {
				ALWAYS_EMBED_SWIFT_STANDARD_LIBRARIES = YES;
				BUNDLE_LOADER = "$(TEST_HOST)";
				CODE_SIGN_STYLE = Automatic;
				INFOPLIST_FILE = "On YouTests/Info.plist";
				IPHONEOS_DEPLOYMENT_TARGET = 14.0;
				LD_RUNPATH_SEARCH_PATHS = (
					"$(inherited)",
					"@executable_path/Frameworks",
					"@loader_path/Frameworks",
				);
				PRODUCT_BUNDLE_IDENTIFIER = "com.nicktdev.On-YouTests";
				PRODUCT_NAME = "$(TARGET_NAME)";
				SWIFT_VERSION = 5.0;
				TARGETED_DEVICE_FAMILY = "1,2";
				TEST_HOST = "$(BUILT_PRODUCTS_DIR)/On You.app/On You";
			};
			name = Release;
		};
		01892E6325E378FE00FC8736 /* Debug */ = {
			isa = XCBuildConfiguration;
			buildSettings = {
				ALWAYS_EMBED_SWIFT_STANDARD_LIBRARIES = YES;
				CODE_SIGN_STYLE = Automatic;
				INFOPLIST_FILE = "On YouUITests/Info.plist";
				LD_RUNPATH_SEARCH_PATHS = (
					"$(inherited)",
					"@executable_path/Frameworks",
					"@loader_path/Frameworks",
				);
				PRODUCT_BUNDLE_IDENTIFIER = "com.nicktdev.On-YouUITests";
				PRODUCT_NAME = "$(TARGET_NAME)";
				SWIFT_VERSION = 5.0;
				TARGETED_DEVICE_FAMILY = "1,2";
				TEST_TARGET_NAME = "On You";
			};
			name = Debug;
		};
		01892E6425E378FE00FC8736 /* Release */ = {
			isa = XCBuildConfiguration;
			buildSettings = {
				ALWAYS_EMBED_SWIFT_STANDARD_LIBRARIES = YES;
				CODE_SIGN_STYLE = Automatic;
				INFOPLIST_FILE = "On YouUITests/Info.plist";
				LD_RUNPATH_SEARCH_PATHS = (
					"$(inherited)",
					"@executable_path/Frameworks",
					"@loader_path/Frameworks",
				);
				PRODUCT_BUNDLE_IDENTIFIER = "com.nicktdev.On-YouUITests";
				PRODUCT_NAME = "$(TARGET_NAME)";
				SWIFT_VERSION = 5.0;
				TARGETED_DEVICE_FAMILY = "1,2";
				TEST_TARGET_NAME = "On You";
			};
			name = Release;
		};
/* End XCBuildConfiguration section */

/* Begin XCConfigurationList section */
		01892E3225E378F700FC8736 /* Build configuration list for PBXProject "On You" */ = {
			isa = XCConfigurationList;
			buildConfigurations = (
				01892E5A25E378FE00FC8736 /* Debug */,
				01892E5B25E378FE00FC8736 /* Release */,
			);
			defaultConfigurationIsVisible = 0;
			defaultConfigurationName = Release;
		};
		01892E5C25E378FE00FC8736 /* Build configuration list for PBXNativeTarget "On You" */ = {
			isa = XCConfigurationList;
			buildConfigurations = (
				01892E5D25E378FE00FC8736 /* Debug */,
				01892E5E25E378FE00FC8736 /* Release */,
			);
			defaultConfigurationIsVisible = 0;
			defaultConfigurationName = Release;
		};
		01892E5F25E378FE00FC8736 /* Build configuration list for PBXNativeTarget "On YouTests" */ = {
			isa = XCConfigurationList;
			buildConfigurations = (
				01892E6025E378FE00FC8736 /* Debug */,
				01892E6125E378FE00FC8736 /* Release */,
			);
			defaultConfigurationIsVisible = 0;
			defaultConfigurationName = Release;
		};
		01892E6225E378FE00FC8736 /* Build configuration list for PBXNativeTarget "On YouUITests" */ = {
			isa = XCConfigurationList;
			buildConfigurations = (
				01892E6325E378FE00FC8736 /* Debug */,
				01892E6425E378FE00FC8736 /* Release */,
			);
			defaultConfigurationIsVisible = 0;
			defaultConfigurationName = Release;
		};
/* End XCConfigurationList section */

/* Begin XCRemoteSwiftPackageReference section */
		01892E8E25E6300F00FC8736 /* XCRemoteSwiftPackageReference "neumorphic" */ = {
			isa = XCRemoteSwiftPackageReference;
			repositoryURL = "https://github.com/costachung/neumorphic/";
			requirement = {
				kind = upToNextMajorVersion;
				minimumVersion = 2.0.5;
			};
		};
/* End XCRemoteSwiftPackageReference section */

/* Begin XCSwiftPackageProductDependency section */
		01892E8F25E6301000FC8736 /* Neumorphic */ = {
			isa = XCSwiftPackageProductDependency;
			package = 01892E8E25E6300F00FC8736 /* XCRemoteSwiftPackageReference "neumorphic" */;
			productName = Neumorphic;
		};
/* End XCSwiftPackageProductDependency section */
	};
	rootObject = 01892E2F25E378F700FC8736 /* Project object */;
}
